
Microsoft Visual Studio Solution File, Format Version 12.00
# Visual Studio Version 17
VisualStudioVersion = 17.8.34525.116
MinimumVisualStudioVersion = 10.0.40219.1
Project("{9A19103F-16F7-4668-BE54-9A1E7A4F7556}") = "EM.WEB", "EM.WEB.csproj", "{E98CEC7F-1F6E-4AF0-9519-49089F679DB7}"
EndProject
Project("{FAE04EC0-301F-11D3-BF4B-00C04F79EFBC}") = "EM.Domain", "..\EM.Domain\EM.Domain.csproj", "{ABE873E9-50BE-4D24-9F15-4FA3BAF6E6BD}"
EndProject
Project("{FAE04EC0-301F-11D3-BF4B-00C04F79EFBC}") = "EM.Repository", "..\EM.Repository\EM.Repository.csproj", "{FA99B1A2-9FF8-4CEF-928E-EFCFB375C286}"
EndProject
Global
	GlobalSection(SolutionConfigurationPlatforms) = preSolution
		Debug|Any CPU = Debug|Any CPU
		Release|Any CPU = Release|Any CPU
	EndGlobalSection
	GlobalSection(ProjectConfigurationPlatforms) = postSolution
		{E98CEC7F-1F6E-4AF0-9519-49089F679DB7}.Debug|Any CPU.ActiveCfg = Debug|Any CPU
		{E98CEC7F-1F6E-4AF0-9519-49089F679DB7}.Debug|Any CPU.Build.0 = Debug|Any CPU
		{E98CEC7F-1F6E-4AF0-9519-49089F679DB7}.Release|Any CPU.ActiveCfg = Release|Any CPU
		{E98CEC7F-1F6E-4AF0-9519-49089F679DB7}.Release|Any CPU.Build.0 = Release|Any CPU
		{ABE873E9-50BE-4D24-9F15-4FA3BAF6E6BD}.Debug|Any CPU.ActiveCfg = Debug|Any CPU
		{ABE873E9-50BE-4D24-9F15-4FA3BAF6E6BD}.Debug|Any CPU.Build.0 = Debug|Any CPU
		{ABE873E9-50BE-4D24-9F15-4FA3BAF6E6BD}.Release|Any CPU.ActiveCfg = Release|Any CPU
		{ABE873E9-50BE-4D24-9F15-4FA3BAF6E6BD}.Release|Any CPU.Build.0 = Release|Any CPU
		{FA99B1A2-9FF8-4CEF-928E-EFCFB375C286}.Debug|Any CPU.ActiveCfg = Debug|Any CPU
		{FA99B1A2-9FF8-4CEF-928E-EFCFB375C286}.Debug|Any CPU.Build.0 = Debug|Any CPU
		{FA99B1A2-9FF8-4CEF-928E-EFCFB375C286}.Release|Any CPU.ActiveCfg = Release|Any CPU
		{FA99B1A2-9FF8-4CEF-928E-EFCFB375C286}.Release|Any CPU.Build.0 = Release|Any CPU
	EndGlobalSection
	GlobalSection(SolutionProperties) = preSolution
		HideSolutionNode = FALSE
	EndGlobalSection
	GlobalSection(ExtensibilityGlobals) = postSolution
		SolutionGuid = {9E27FDB5-7089-46D0-A0A1-F7CE9EA15EE2}
	EndGlobalSection
EndGlobal
